
Microsoft Visual Studio Solution File, Format Version 12.00
# Visual Studio Version 16
VisualStudioVersion = 16.0.32002.261
MinimumVisualStudioVersion = 10.0.40219.1
Project("{E53339B2-1760-4266-BCC7-CA923CBCF16C}") = "docker-compose", "docker-compose.dcproj", "{973E1EA9-AF5B-46B4-A022-403369274A32}"
EndProject
Project("{9A19103F-16F7-4668-BE54-9A1E7A4F7556}") = "GISA.EventBusRabbitMQ", "src\Common\GISA.EventBusRabbitMQ\GISA.EventBusRabbitMQ.csproj", "{C58BE32C-AC19-4815-B72A-3CC3E13E9B54}"
EndProject
Project("{9A19103F-16F7-4668-BE54-9A1E7A4F7556}") = "GISA.OcelotApiGateway", "src\ApiGateway\GISA.OcelotApiGateway\GISA.OcelotApiGateway.csproj", "{BA763A47-A36D-4B0B-B25A-80AAE7356066}"
EndProject
Project("{FAE04EC0-301F-11D3-BF4B-00C04F79EFBC}") = "GISA.Associado", "src\ModuloInformacaoCadastral\GISA.Associado\GISA.Associado.csproj", "{AA27C803-9999-40A2-AD3B-CC7B2FE7E0A4}"
EndProject
Project("{FAE04EC0-301F-11D3-BF4B-00C04F79EFBC}") = "GISA.Prestador", "src\ModuloInformacaoCadastral\GISA.Prestador\GISA.Prestador.csproj", "{50C6E39B-C629-433D-8A1D-30C82DB3585C}"
EndProject
Global
	GlobalSection(SolutionConfigurationPlatforms) = preSolution
		Debug|Any CPU = Debug|Any CPU
		Release|Any CPU = Release|Any CPU
	EndGlobalSection
	GlobalSection(ProjectConfigurationPlatforms) = postSolution
		{973E1EA9-AF5B-46B4-A022-403369274A32}.Debug|Any CPU.ActiveCfg = Debug|Any CPU
		{973E1EA9-AF5B-46B4-A022-403369274A32}.Debug|Any CPU.Build.0 = Debug|Any CPU
		{973E1EA9-AF5B-46B4-A022-403369274A32}.Release|Any CPU.ActiveCfg = Release|Any CPU
		{973E1EA9-AF5B-46B4-A022-403369274A32}.Release|Any CPU.Build.0 = Release|Any CPU
		{C58BE32C-AC19-4815-B72A-3CC3E13E9B54}.Debug|Any CPU.ActiveCfg = Debug|Any CPU
		{C58BE32C-AC19-4815-B72A-3CC3E13E9B54}.Debug|Any CPU.Build.0 = Debug|Any CPU
		{C58BE32C-AC19-4815-B72A-3CC3E13E9B54}.Release|Any CPU.ActiveCfg = Release|Any CPU
		{C58BE32C-AC19-4815-B72A-3CC3E13E9B54}.Release|Any CPU.Build.0 = Release|Any CPU
		{BA763A47-A36D-4B0B-B25A-80AAE7356066}.Debug|Any CPU.ActiveCfg = Debug|Any CPU
		{BA763A47-A36D-4B0B-B25A-80AAE7356066}.Debug|Any CPU.Build.0 = Debug|Any CPU
		{BA763A47-A36D-4B0B-B25A-80AAE7356066}.Release|Any CPU.ActiveCfg = Release|Any CPU
		{BA763A47-A36D-4B0B-B25A-80AAE7356066}.Release|Any CPU.Build.0 = Release|Any CPU
		{AA27C803-9999-40A2-AD3B-CC7B2FE7E0A4}.Debug|Any CPU.ActiveCfg = Debug|Any CPU
		{AA27C803-9999-40A2-AD3B-CC7B2FE7E0A4}.Debug|Any CPU.Build.0 = Debug|Any CPU
		{AA27C803-9999-40A2-AD3B-CC7B2FE7E0A4}.Release|Any CPU.ActiveCfg = Release|Any CPU
		{AA27C803-9999-40A2-AD3B-CC7B2FE7E0A4}.Release|Any CPU.Build.0 = Release|Any CPU
		{50C6E39B-C629-433D-8A1D-30C82DB3585C}.Debug|Any CPU.ActiveCfg = Debug|Any CPU
		{50C6E39B-C629-433D-8A1D-30C82DB3585C}.Debug|Any CPU.Build.0 = Debug|Any CPU
		{50C6E39B-C629-433D-8A1D-30C82DB3585C}.Release|Any CPU.ActiveCfg = Release|Any CPU
		{50C6E39B-C629-433D-8A1D-30C82DB3585C}.Release|Any CPU.Build.0 = Release|Any CPU
	EndGlobalSection
	GlobalSection(SolutionProperties) = preSolution
		HideSolutionNode = FALSE
	EndGlobalSection
	GlobalSection(ExtensibilityGlobals) = postSolution
		SolutionGuid = {B974080A-8940-41BD-831A-6A38877C7E28}
	EndGlobalSection
EndGlobal
